// !$*UTF8*$!
{
	archiveVersion = 1;
	classes = {
	};
	objectVersion = 50;
	objects = {

/* Begin PBXBuildFile section */
		F3A22CCA227E21FD0024CD47 /* AppDelegate.swift in Sources */ = {isa = PBXBuildFile; fileRef = F3A22CC9227E21FD0024CD47 /* AppDelegate.swift */; };
		F3A22CCC227E21FD0024CD47 /* ViewController.swift in Sources */ = {isa = PBXBuildFile; fileRef = F3A22CCB227E21FD0024CD47 /* ViewController.swift */; };
		F3A22CCF227E21FD0024CD47 /* Main.storyboard in Resources */ = {isa = PBXBuildFile; fileRef = F3A22CCD227E21FD0024CD47 /* Main.storyboard */; };
		F3A22CD1227E21FE0024CD47 /* Assets.xcassets in Resources */ = {isa = PBXBuildFile; fileRef = F3A22CD0227E21FE0024CD47 /* Assets.xcassets */; };
		F3A22CD4227E21FE0024CD47 /* LaunchScreen.storyboard in Resources */ = {isa = PBXBuildFile; fileRef = F3A22CD2227E21FE0024CD47 /* LaunchScreen.storyboard */; };
		F3A22D28227E4C610024CD47 /* MBProgressHUD.framework in Frameworks */ = {isa = PBXBuildFile; fileRef = F3A22D0F227E4C600024CD47 /* MBProgressHUD.framework */; };
		F3A22D29227E4C610024CD47 /* RxCocoa.framework in Frameworks */ = {isa = PBXBuildFile; fileRef = F3A22D10227E4C600024CD47 /* RxCocoa.framework */; };
		F3A22D2A227E4C610024CD47 /* BoltsSwift.framework in Frameworks */ = {isa = PBXBuildFile; fileRef = F3A22D11227E4C600024CD47 /* BoltsSwift.framework */; };
		F3A22D2B227E4C610024CD47 /* SDWebImageMapKit.framework in Frameworks */ = {isa = PBXBuildFile; fileRef = F3A22D12227E4C600024CD47 /* SDWebImageMapKit.framework */; };
		F3A22D2C227E4C610024CD47 /* SkeletonView.framework in Frameworks */ = {isa = PBXBuildFile; fileRef = F3A22D13227E4C600024CD47 /* SkeletonView.framework */; };
		F3A22D2D227E4C610024CD47 /* WatchdogInspector.framework in Frameworks */ = {isa = PBXBuildFile; fileRef = F3A22D14227E4C600024CD47 /* WatchdogInspector.framework */; };
		F3A22D2E227E4C610024CD47 /* RxSwift.framework in Frameworks */ = {isa = PBXBuildFile; fileRef = F3A22D15227E4C600024CD47 /* RxSwift.framework */; };
		F3A22D2F227E4C610024CD47 /* InstructionsAppExtensions.framework in Frameworks */ = {isa = PBXBuildFile; fileRef = F3A22D16227E4C600024CD47 /* InstructionsAppExtensions.framework */; };
		F3A22D30227E4C610024CD47 /* SDWebImage.framework in Frameworks */ = {isa = PBXBuildFile; fileRef = F3A22D17227E4C600024CD47 /* SDWebImage.framework */; };
		F3A22D31227E4C610024CD47 /* CocoaLumberjack.framework in Frameworks */ = {isa = PBXBuildFile; fileRef = F3A22D18227E4C600024CD47 /* CocoaLumberjack.framework */; };
		F3A22D32227E4C610024CD47 /* IQKeyboardManager.framework in Frameworks */ = {isa = PBXBuildFile; fileRef = F3A22D19227E4C600024CD47 /* IQKeyboardManager.framework */; };
		F3A22D33227E4C610024CD47 /* RxBlocking.framework in Frameworks */ = {isa = PBXBuildFile; fileRef = F3A22D1A227E4C600024CD47 /* RxBlocking.framework */; };
		F3A22D34227E4C610024CD47 /* SnapKit.framework in Frameworks */ = {isa = PBXBuildFile; fileRef = F3A22D1B227E4C600024CD47 /* SnapKit.framework */; };
		F3A22D35227E4C610024CD47 /* RxTest.framework in Frameworks */ = {isa = PBXBuildFile; fileRef = F3A22D1C227E4C600024CD47 /* RxTest.framework */; };
		F3A22D36227E4C610024CD47 /* SwiftyJSON.framework in Frameworks */ = {isa = PBXBuildFile; fileRef = F3A22D1D227E4C610024CD47 /* SwiftyJSON.framework */; };
		F3A22D37227E4C610024CD47 /* Alamofire.framework in Frameworks */ = {isa = PBXBuildFile; fileRef = F3A22D1E227E4C610024CD47 /* Alamofire.framework */; };
		F3A22D38227E4C610024CD47 /* RxRelay.framework in Frameworks */ = {isa = PBXBuildFile; fileRef = F3A22D1F227E4C610024CD47 /* RxRelay.framework */; };
		F3A22D39227E4C610024CD47 /* IQKeyboardManagerSwift.framework in Frameworks */ = {isa = PBXBuildFile; fileRef = F3A22D20227E4C610024CD47 /* IQKeyboardManagerSwift.framework */; };
		F3A22D3A227E4C610024CD47 /* CocoaLumberjackSwift.framework in Frameworks */ = {isa = PBXBuildFile; fileRef = F3A22D21227E4C610024CD47 /* CocoaLumberjackSwift.framework */; };
		F3A22D3B227E4C610024CD47 /* Instructions.framework in Frameworks */ = {isa = PBXBuildFile; fileRef = F3A22D22227E4C610024CD47 /* Instructions.framework */; };
		F3A22D3C227E4C610024CD47 /* MGSwipeTableCell.framework in Frameworks */ = {isa = PBXBuildFile; fileRef = F3A22D23227E4C610024CD47 /* MGSwipeTableCell.framework */; };
		F3A22D3D227E4C610024CD47 /* SideMenu.framework in Frameworks */ = {isa = PBXBuildFile; fileRef = F3A22D24227E4C610024CD47 /* SideMenu.framework */; };
		F3A22D3E227E4C610024CD47 /* JWTDecode.framework in Frameworks */ = {isa = PBXBuildFile; fileRef = F3A22D25227E4C610024CD47 /* JWTDecode.framework */; };
		F3A22D3F227E4C610024CD47 /* SwiftMessages.framework in Frameworks */ = {isa = PBXBuildFile; fileRef = F3A22D26227E4C610024CD47 /* SwiftMessages.framework */; };
		F3A22D40227E4C610024CD47 /* Hero.framework in Frameworks */ = {isa = PBXBuildFile; fileRef = F3A22D27227E4C610024CD47 /* Hero.framework */; };
/* End PBXBuildFile section */

/* Begin PBXFileReference section */
		F3A22CC6227E21FD0024CD47 /* Demo.app */ = {isa = PBXFileReference; explicitFileType = wrapper.application; includeInIndex = 0; path = Demo.app; sourceTree = BUILT_PRODUCTS_DIR; };
		F3A22CC9227E21FD0024CD47 /* AppDelegate.swift */ = {isa = PBXFileReference; lastKnownFileType = sourcecode.swift; path = AppDelegate.swift; sourceTree = "<group>"; };
		F3A22CCB227E21FD0024CD47 /* ViewController.swift */ = {isa = PBXFileReference; lastKnownFileType = sourcecode.swift; path = ViewController.swift; sourceTree = "<group>"; };
		F3A22CCE227E21FD0024CD47 /* Base */ = {isa = PBXFileReference; lastKnownFileType = file.storyboard; name = Base; path = Base.lproj/Main.storyboard; sourceTree = "<group>"; };
		F3A22CD0227E21FE0024CD47 /* Assets.xcassets */ = {isa = PBXFileReference; lastKnownFileType = folder.assetcatalog; path = Assets.xcassets; sourceTree = "<group>"; };
		F3A22CD3227E21FE0024CD47 /* Base */ = {isa = PBXFileReference; lastKnownFileType = file.storyboard; name = Base; path = Base.lproj/LaunchScreen.storyboard; sourceTree = "<group>"; };
		F3A22CD5227E21FE0024CD47 /* Info.plist */ = {isa = PBXFileReference; lastKnownFileType = text.plist.xml; path = Info.plist; sourceTree = "<group>"; };
		F3A22D0F227E4C600024CD47 /* MBProgressHUD.framework */ = {isa = PBXFileReference; lastKnownFileType = wrapper.framework; name = MBProgressHUD.framework; path = Carthage/Build/iOS/MBProgressHUD.framework; sourceTree = "<group>"; };
		F3A22D10227E4C600024CD47 /* RxCocoa.framework */ = {isa = PBXFileReference; lastKnownFileType = wrapper.framework; name = RxCocoa.framework; path = Carthage/Build/iOS/RxCocoa.framework; sourceTree = "<group>"; };
		F3A22D11227E4C600024CD47 /* BoltsSwift.framework */ = {isa = PBXFileReference; lastKnownFileType = wrapper.framework; name = BoltsSwift.framework; path = Carthage/Build/iOS/BoltsSwift.framework; sourceTree = "<group>"; };
		F3A22D12227E4C600024CD47 /* SDWebImageMapKit.framework */ = {isa = PBXFileReference; lastKnownFileType = wrapper.framework; name = SDWebImageMapKit.framework; path = Carthage/Build/iOS/SDWebImageMapKit.framework; sourceTree = "<group>"; };
		F3A22D13227E4C600024CD47 /* SkeletonView.framework */ = {isa = PBXFileReference; lastKnownFileType = wrapper.framework; name = SkeletonView.framework; path = Carthage/Build/iOS/SkeletonView.framework; sourceTree = "<group>"; };
		F3A22D14227E4C600024CD47 /* WatchdogInspector.framework */ = {isa = PBXFileReference; lastKnownFileType = wrapper.framework; name = WatchdogInspector.framework; path = Carthage/Build/iOS/WatchdogInspector.framework; sourceTree = "<group>"; };
		F3A22D15227E4C600024CD47 /* RxSwift.framework */ = {isa = PBXFileReference; lastKnownFileType = wrapper.framework; name = RxSwift.framework; path = Carthage/Build/iOS/RxSwift.framework; sourceTree = "<group>"; };
		F3A22D16227E4C600024CD47 /* InstructionsAppExtensions.framework */ = {isa = PBXFileReference; lastKnownFileType = wrapper.framework; name = InstructionsAppExtensions.framework; path = Carthage/Build/iOS/InstructionsAppExtensions.framework; sourceTree = "<group>"; };
		F3A22D17227E4C600024CD47 /* SDWebImage.framework */ = {isa = PBXFileReference; lastKnownFileType = wrapper.framework; name = SDWebImage.framework; path = Carthage/Build/iOS/SDWebImage.framework; sourceTree = "<group>"; };
		F3A22D18227E4C600024CD47 /* CocoaLumberjack.framework */ = {isa = PBXFileReference; lastKnownFileType = wrapper.framework; name = CocoaLumberjack.framework; path = Carthage/Build/iOS/CocoaLumberjack.framework; sourceTree = "<group>"; };
		F3A22D19227E4C600024CD47 /* IQKeyboardManager.framework */ = {isa = PBXFileReference; lastKnownFileType = wrapper.framework; name = IQKeyboardManager.framework; path = Carthage/Build/iOS/IQKeyboardManager.framework; sourceTree = "<group>"; };
		F3A22D1A227E4C600024CD47 /* RxBlocking.framework */ = {isa = PBXFileReference; lastKnownFileType = wrapper.framework; name = RxBlocking.framework; path = Carthage/Build/iOS/RxBlocking.framework; sourceTree = "<group>"; };
		F3A22D1B227E4C600024CD47 /* SnapKit.framework */ = {isa = PBXFileReference; lastKnownFileType = wrapper.framework; name = SnapKit.framework; path = Carthage/Build/iOS/SnapKit.framework; sourceTree = "<group>"; };
		F3A22D1C227E4C600024CD47 /* RxTest.framework */ = {isa = PBXFileReference; lastKnownFileType = wrapper.framework; name = RxTest.framework; path = Carthage/Build/iOS/RxTest.framework; sourceTree = "<group>"; };
		F3A22D1D227E4C610024CD47 /* SwiftyJSON.framework */ = {isa = PBXFileReference; lastKnownFileType = wrapper.framework; name = SwiftyJSON.framework; path = Carthage/Build/iOS/SwiftyJSON.framework; sourceTree = "<group>"; };
		F3A22D1E227E4C610024CD47 /* Alamofire.framework */ = {isa = PBXFileReference; lastKnownFileType = wrapper.framework; name = Alamofire.framework; path = Carthage/Build/iOS/Alamofire.framework; sourceTree = "<group>"; };
		F3A22D1F227E4C610024CD47 /* RxRelay.framework */ = {isa = PBXFileReference; lastKnownFileType = wrapper.framework; name = RxRelay.framework; path = Carthage/Build/iOS/RxRelay.framework; sourceTree = "<group>"; };
		F3A22D20227E4C610024CD47 /* IQKeyboardManagerSwift.framework */ = {isa = PBXFileReference; lastKnownFileType = wrapper.framework; name = IQKeyboardManagerSwift.framework; path = Carthage/Build/iOS/IQKeyboardManagerSwift.framework; sourceTree = "<group>"; };
		F3A22D21227E4C610024CD47 /* CocoaLumberjackSwift.framework */ = {isa = PBXFileReference; lastKnownFileType = wrapper.framework; name = CocoaLumberjackSwift.framework; path = Carthage/Build/iOS/CocoaLumberjackSwift.framework; sourceTree = "<group>"; };
		F3A22D22227E4C610024CD47 /* Instructions.framework */ = {isa = PBXFileReference; lastKnownFileType = wrapper.framework; name = Instructions.framework; path = Carthage/Build/iOS/Instructions.framework; sourceTree = "<group>"; };
		F3A22D23227E4C610024CD47 /* MGSwipeTableCell.framework */ = {isa = PBXFileReference; lastKnownFileType = wrapper.framework; name = MGSwipeTableCell.framework; path = Carthage/Build/iOS/MGSwipeTableCell.framework; sourceTree = "<group>"; };
		F3A22D24227E4C610024CD47 /* SideMenu.framework */ = {isa = PBXFileReference; lastKnownFileType = wrapper.framework; name = SideMenu.framework; path = Carthage/Build/iOS/SideMenu.framework; sourceTree = "<group>"; };
		F3A22D25227E4C610024CD47 /* JWTDecode.framework */ = {isa = PBXFileReference; lastKnownFileType = wrapper.framework; name = JWTDecode.framework; path = Carthage/Build/iOS/JWTDecode.framework; sourceTree = "<group>"; };
		F3A22D26227E4C610024CD47 /* SwiftMessages.framework */ = {isa = PBXFileReference; lastKnownFileType = wrapper.framework; name = SwiftMessages.framework; path = Carthage/Build/iOS/SwiftMessages.framework; sourceTree = "<group>"; };
		F3A22D27227E4C610024CD47 /* Hero.framework */ = {isa = PBXFileReference; lastKnownFileType = wrapper.framework; name = Hero.framework; path = Carthage/Build/iOS/Hero.framework; sourceTree = "<group>"; };
/* End PBXFileReference section */

/* Begin PBXFrameworksBuildPhase section */
		F3A22CC3227E21FD0024CD47 /* Frameworks */ = {
			isa = PBXFrameworksBuildPhase;
			buildActionMask = 2147483647;
			files = (
				F3A22D28227E4C610024CD47 /* MBProgressHUD.framework in Frameworks */,
				F3A22D29227E4C610024CD47 /* RxCocoa.framework in Frameworks */,
				F3A22D2A227E4C610024CD47 /* BoltsSwift.framework in Frameworks */,
				F3A22D2B227E4C610024CD47 /* SDWebImageMapKit.framework in Frameworks */,
				F3A22D2C227E4C610024CD47 /* SkeletonView.framework in Frameworks */,
				F3A22D2D227E4C610024CD47 /* WatchdogInspector.framework in Frameworks */,
				F3A22D2E227E4C610024CD47 /* RxSwift.framework in Frameworks */,
				F3A22D2F227E4C610024CD47 /* InstructionsAppExtensions.framework in Frameworks */,
				F3A22D30227E4C610024CD47 /* SDWebImage.framework in Frameworks */,
				F3A22D31227E4C610024CD47 /* CocoaLumberjack.framework in Frameworks */,
				F3A22D32227E4C610024CD47 /* IQKeyboardManager.framework in Frameworks */,
				F3A22D33227E4C610024CD47 /* RxBlocking.framework in Frameworks */,
				F3A22D34227E4C610024CD47 /* SnapKit.framework in Frameworks */,
				F3A22D35227E4C610024CD47 /* RxTest.framework in Frameworks */,
				F3A22D36227E4C610024CD47 /* SwiftyJSON.framework in Frameworks */,
				F3A22D37227E4C610024CD47 /* Alamofire.framework in Frameworks */,
				F3A22D38227E4C610024CD47 /* RxRelay.framework in Frameworks */,
				F3A22D39227E4C610024CD47 /* IQKeyboardManagerSwift.framework in Frameworks */,
				F3A22D3A227E4C610024CD47 /* CocoaLumberjackSwift.framework in Frameworks */,
				F3A22D3B227E4C610024CD47 /* Instructions.framework in Frameworks */,
				F3A22D3C227E4C610024CD47 /* MGSwipeTableCell.framework in Frameworks */,
				F3A22D3D227E4C610024CD47 /* SideMenu.framework in Frameworks */,
				F3A22D3E227E4C610024CD47 /* JWTDecode.framework in Frameworks */,
				F3A22D3F227E4C610024CD47 /* SwiftMessages.framework in Frameworks */,
				F3A22D40227E4C610024CD47 /* Hero.framework in Frameworks */,
			);
			runOnlyForDeploymentPostprocessing = 0;
		};
/* End PBXFrameworksBuildPhase section */

/* Begin PBXGroup section */
		F3A22CBD227E21FD0024CD47 = {
			isa = PBXGroup;
			children = (
				F3A22CC8227E21FD0024CD47 /* Demo */,
				F3A22CC7227E21FD0024CD47 /* Products */,
				F3A22CDC227E45D70024CD47 /* Frameworks */,
			);
			sourceTree = "<group>";
		};
		F3A22CC7227E21FD0024CD47 /* Products */ = {
			isa = PBXGroup;
			children = (
				F3A22CC6227E21FD0024CD47 /* Demo.app */,
			);
			name = Products;
			sourceTree = "<group>";
		};
		F3A22CC8227E21FD0024CD47 /* Demo */ = {
			isa = PBXGroup;
			children = (
				F3A22CC9227E21FD0024CD47 /* AppDelegate.swift */,
				F3A22CCB227E21FD0024CD47 /* ViewController.swift */,
				F3A22CCD227E21FD0024CD47 /* Main.storyboard */,
				F3A22CD0227E21FE0024CD47 /* Assets.xcassets */,
				F3A22CD2227E21FE0024CD47 /* LaunchScreen.storyboard */,
				F3A22CD5227E21FE0024CD47 /* Info.plist */,
			);
			path = Demo;
			sourceTree = "<group>";
		};
		F3A22CDC227E45D70024CD47 /* Frameworks */ = {
			isa = PBXGroup;
			children = (
				F3A22D1E227E4C610024CD47 /* Alamofire.framework */,
				F3A22D11227E4C600024CD47 /* BoltsSwift.framework */,
				F3A22D18227E4C600024CD47 /* CocoaLumberjack.framework */,
				F3A22D21227E4C610024CD47 /* CocoaLumberjackSwift.framework */,
				F3A22D27227E4C610024CD47 /* Hero.framework */,
				F3A22D22227E4C610024CD47 /* Instructions.framework */,
				F3A22D16227E4C600024CD47 /* InstructionsAppExtensions.framework */,
				F3A22D19227E4C600024CD47 /* IQKeyboardManager.framework */,
				F3A22D20227E4C610024CD47 /* IQKeyboardManagerSwift.framework */,
				F3A22D25227E4C610024CD47 /* JWTDecode.framework */,
				F3A22D0F227E4C600024CD47 /* MBProgressHUD.framework */,
				F3A22D23227E4C610024CD47 /* MGSwipeTableCell.framework */,
				F3A22D1A227E4C600024CD47 /* RxBlocking.framework */,
				F3A22D10227E4C600024CD47 /* RxCocoa.framework */,
				F3A22D1F227E4C610024CD47 /* RxRelay.framework */,
				F3A22D15227E4C600024CD47 /* RxSwift.framework */,
				F3A22D1C227E4C600024CD47 /* RxTest.framework */,
				F3A22D17227E4C600024CD47 /* SDWebImage.framework */,
				F3A22D12227E4C600024CD47 /* SDWebImageMapKit.framework */,
				F3A22D24227E4C610024CD47 /* SideMenu.framework */,
				F3A22D13227E4C600024CD47 /* SkeletonView.framework */,
				F3A22D1B227E4C600024CD47 /* SnapKit.framework */,
				F3A22D26227E4C610024CD47 /* SwiftMessages.framework */,
				F3A22D1D227E4C610024CD47 /* SwiftyJSON.framework */,
				F3A22D14227E4C600024CD47 /* WatchdogInspector.framework */,
			);
			name = Frameworks;
			sourceTree = "<group>";
		};
/* End PBXGroup section */

/* Begin PBXNativeTarget section */
		F3A22CC5227E21FD0024CD47 /* Demo */ = {
			isa = PBXNativeTarget;
			buildConfigurationList = F3A22CD8227E21FE0024CD47 /* Build configuration list for PBXNativeTarget "Demo" */;
			buildPhases = (
				F3A22CC2227E21FD0024CD47 /* Sources */,
				F3A22CC3227E21FD0024CD47 /* Frameworks */,
				F3A22CC4227E21FD0024CD47 /* Resources */,
				F3A22CDB227E3E380024CD47 /* Carthage */,
			);
			buildRules = (
			);
			dependencies = (
			);
			name = Demo;
			productName = Demo;
			productReference = F3A22CC6227E21FD0024CD47 /* Demo.app */;
			productType = "com.apple.product-type.application";
		};
/* End PBXNativeTarget section */

/* Begin PBXProject section */
		F3A22CBE227E21FD0024CD47 /* Project object */ = {
			isa = PBXProject;
			attributes = {
				LastSwiftUpdateCheck = 1020;
				LastUpgradeCheck = 1020;
				ORGANIZATIONNAME = "Probuild Software Inc";
				TargetAttributes = {
					F3A22CC5227E21FD0024CD47 = {
						CreatedOnToolsVersion = 10.2.1;
					};
				};
			};
			buildConfigurationList = F3A22CC1227E21FD0024CD47 /* Build configuration list for PBXProject "Demo" */;
			compatibilityVersion = "Xcode 9.3";
			developmentRegion = en;
			hasScannedForEncodings = 0;
			knownRegions = (
				en,
				Base,
			);
			mainGroup = F3A22CBD227E21FD0024CD47;
			productRefGroup = F3A22CC7227E21FD0024CD47 /* Products */;
			projectDirPath = "";
			projectRoot = "";
			targets = (
				F3A22CC5227E21FD0024CD47 /* Demo */,
			);
		};
/* End PBXProject section */

/* Begin PBXResourcesBuildPhase section */
		F3A22CC4227E21FD0024CD47 /* Resources */ = {
			isa = PBXResourcesBuildPhase;
			buildActionMask = 2147483647;
			files = (
				F3A22CD4227E21FE0024CD47 /* LaunchScreen.storyboard in Resources */,
				F3A22CD1227E21FE0024CD47 /* Assets.xcassets in Resources */,
				F3A22CCF227E21FD0024CD47 /* Main.storyboard in Resources */,
			);
			runOnlyForDeploymentPostprocessing = 0;
		};
/* End PBXResourcesBuildPhase section */

/* Begin PBXShellScriptBuildPhase section */
		F3A22CDB227E3E380024CD47 /* Carthage */ = {
			isa = PBXShellScriptBuildPhase;
			buildActionMask = 2147483647;
			files = (
			);
			inputFileListPaths = (
			);
			inputPaths = (
				"$(SRCROOT)/Carthage/Build/iOS/Alamofire.framework",
				"$(SRCROOT)/Carthage/Build/iOS/CocoaLumberjack.framework",
				"$(SRCROOT)/Carthage/Build/iOS/CocoaLumberjackSwift.framework",
				"$(SRCROOT)/Carthage/Build/iOS/Hero.framework",
				"$(SRCROOT)/Carthage/Build/iOS/IQKeyboardManager.framework",
				"$(SRCROOT)/Carthage/Build/iOS/IQKeyboardManagerSwift.framework",
				"$(SRCROOT)/Carthage/Build/iOS/Instructions.framework",
				"$(SRCROOT)/Carthage/Build/iOS/InstructionsAppExtensions.framework",
				"$(SRCROOT)/Carthage/Build/iOS/JWTDecode.framework",
				"$(SRCROOT)/Carthage/Build/iOS/MBProgressHUD.framework",
				"$(SRCROOT)/Carthage/Build/iOS/MGSwipeTableCell.framework",
				"$(SRCROOT)/Carthage/Build/iOS/RxBlocking.framework",
				"$(SRCROOT)/Carthage/Build/iOS/RxCocoa.framework",
				"$(SRCROOT)/Carthage/Build/iOS/RxRelay.framework",
				"$(SRCROOT)/Carthage/Build/iOS/RxSwift.framework",
				"$(SRCROOT)/Carthage/Build/iOS/RxTest.framework",
				"$(SRCROOT)/Carthage/Build/iOS/SDWebImage.framework",
				"$(SRCROOT)/Carthage/Build/iOS/SDWebImageMapKit.framework",
				"$(SRCROOT)/Carthage/Build/iOS/SideMenu.framework",
				"$(SRCROOT)/Carthage/Build/iOS/SkeletonView.framework",
				"$(SRCROOT)/Carthage/Build/iOS/SnapKit.framework",
				"$(SRCROOT)/Carthage/Build/iOS/SwiftMessages.framework",
				"$(SRCROOT)/Carthage/Build/iOS/SwiftyJSON.framework",
				"$(SRCROOT)/Carthage/Build/iOS/WatchdogInspector.framework",
			);
			name = Carthage;
			outputFileListPaths = (
			);
			outputPaths = (
				"$(BUILT_PRODUCTS_DIR)/$(FRAMEWORKS_FOLDER_PATH)/Alamofire.framework",
				"$(BUILT_PRODUCTS_DIR)/$(FRAMEWORKS_FOLDER_PATH)/CocoaLumberjack.framework",
				"$(BUILT_PRODUCTS_DIR)/$(FRAMEWORKS_FOLDER_PATH)/CocoaLumberjackSwift.framework",
				"$(BUILT_PRODUCTS_DIR)/$(FRAMEWORKS_FOLDER_PATH)/Hero.framework",
				"$(BUILT_PRODUCTS_DIR)/$(FRAMEWORKS_FOLDER_PATH)/IQKeyboardManager.framework",
				"$(BUILT_PRODUCTS_DIR)/$(FRAMEWORKS_FOLDER_PATH)/IQKeyboardManagerSwift.framework",
				"$(BUILT_PRODUCTS_DIR)/$(FRAMEWORKS_FOLDER_PATH)/Instructions.framework",
				"$(BUILT_PRODUCTS_DIR)/$(FRAMEWORKS_FOLDER_PATH)/InstructionsAppExtensions.framework",
				"$(BUILT_PRODUCTS_DIR)/$(FRAMEWORKS_FOLDER_PATH)/JWTDecode.framework",
				"$(BUILT_PRODUCTS_DIR)/$(FRAMEWORKS_FOLDER_PATH)/MBProgressHUD.framework",
				"$(BUILT_PRODUCTS_DIR)/$(FRAMEWORKS_FOLDER_PATH)/MGSwipeTableCell.framework",
				"$(BUILT_PRODUCTS_DIR)/$(FRAMEWORKS_FOLDER_PATH)/RxBlocking.framework",
				"$(BUILT_PRODUCTS_DIR)/$(FRAMEWORKS_FOLDER_PATH)/RxCocoa.framework",
				"$(BUILT_PRODUCTS_DIR)/$(FRAMEWORKS_FOLDER_PATH)/RxRelay.framework",
				"$(BUILT_PRODUCTS_DIR)/$(FRAMEWORKS_FOLDER_PATH)/RxSwift.framework",
				"$(BUILT_PRODUCTS_DIR)/$(FRAMEWORKS_FOLDER_PATH)/RxTest.framework",
				"$(BUILT_PRODUCTS_DIR)/$(FRAMEWORKS_FOLDER_PATH)/SDWebImage.framework",
				"$(BUILT_PRODUCTS_DIR)/$(FRAMEWORKS_FOLDER_PATH)/SDWebImageMapKit.framework",
				"$(BUILT_PRODUCTS_DIR)/$(FRAMEWORKS_FOLDER_PATH)/SideMenu.framework",
				"$(BUILT_PRODUCTS_DIR)/$(FRAMEWORKS_FOLDER_PATH)/SkeletonView.framework",
				"$(BUILT_PRODUCTS_DIR)/$(FRAMEWORKS_FOLDER_PATH)/SnapKit.framework",
				"$(BUILT_PRODUCTS_DIR)/$(FRAMEWORKS_FOLDER_PATH)/SwiftMessages.framework",
				"$(BUILT_PRODUCTS_DIR)/$(FRAMEWORKS_FOLDER_PATH)/SwiftyJSON.framework",
				"$(BUILT_PRODUCTS_DIR)/$(FRAMEWORKS_FOLDER_PATH)/WatchdogInspector.framework",
			);
			runOnlyForDeploymentPostprocessing = 0;
			shellPath = /bin/sh;
			shellScript = "/usr/local/bin/carthage copy-frameworks\n";
		};
/* End PBXShellScriptBuildPhase section */

/* Begin PBXSourcesBuildPhase section */
		F3A22CC2227E21FD0024CD47 /* Sources */ = {
			isa = PBXSourcesBuildPhase;
			buildActionMask = 2147483647;
			files = (
				F3A22CCC227E21FD0024CD47 /* ViewController.swift in Sources */,
				F3A22CCA227E21FD0024CD47 /* AppDelegate.swift in Sources */,
			);
			runOnlyForDeploymentPostprocessing = 0;
		};
/* End PBXSourcesBuildPhase section */

/* Begin PBXVariantGroup section */
		F3A22CCD227E21FD0024CD47 /* Main.storyboard */ = {
			isa = PBXVariantGroup;
			children = (
				F3A22CCE227E21FD0024CD47 /* Base */,
			);
			name = Main.storyboard;
			sourceTree = "<group>";
		};
		F3A22CD2227E21FE0024CD47 /* LaunchScreen.storyboard */ = {
			isa = PBXVariantGroup;
			children = (
				F3A22CD3227E21FE0024CD47 /* Base */,
			);
			name = LaunchScreen.storyboard;
			sourceTree = "<group>";
		};
/* End PBXVariantGroup section */

/* Begin XCBuildConfiguration section */
		F3A22CD6227E21FE0024CD47 /* Debug */ = {
			isa = XCBuildConfiguration;
			buildSettings = {
				ALWAYS_SEARCH_USER_PATHS = NO;
				CLANG_ANALYZER_NONNULL = YES;
				CLANG_ANALYZER_NUMBER_OBJECT_CONVERSION = YES_AGGRESSIVE;
				CLANG_CXX_LANGUAGE_STANDARD = "gnu++14";
				CLANG_CXX_LIBRARY = "libc++";
				CLANG_ENABLE_MODULES = YES;
				CLANG_ENABLE_OBJC_ARC = YES;
				CLANG_ENABLE_OBJC_WEAK = YES;
				CLANG_WARN_BLOCK_CAPTURE_AUTORELEASING = YES;
				CLANG_WARN_BOOL_CONVERSION = YES;
				CLANG_WARN_COMMA = YES;
				CLANG_WARN_CONSTANT_CONVERSION = YES;
				CLANG_WARN_DEPRECATED_OBJC_IMPLEMENTATIONS = YES;
				CLANG_WARN_DIRECT_OBJC_ISA_USAGE = YES_ERROR;
				CLANG_WARN_DOCUMENTATION_COMMENTS = YES;
				CLANG_WARN_EMPTY_BODY = YES;
				CLANG_WARN_ENUM_CONVERSION = YES;
				CLANG_WARN_INFINITE_RECURSION = YES;
				CLANG_WARN_INT_CONVERSION = YES;
				CLANG_WARN_NON_LITERAL_NULL_CONVERSION = YES;
				CLANG_WARN_OBJC_IMPLICIT_RETAIN_SELF = YES;
				CLANG_WARN_OBJC_LITERAL_CONVERSION = YES;
				CLANG_WARN_OBJC_ROOT_CLASS = YES_ERROR;
				CLANG_WARN_RANGE_LOOP_ANALYSIS = YES;
				CLANG_WARN_STRICT_PROTOTYPES = YES;
				CLANG_WARN_SUSPICIOUS_MOVE = YES;
				CLANG_WARN_UNGUARDED_AVAILABILITY = YES_AGGRESSIVE;
				CLANG_WARN_UNREACHABLE_CODE = YES;
				CLANG_WARN__DUPLICATE_METHOD_MATCH = YES;
				CODE_SIGN_IDENTITY = "iPhone Developer";
				COPY_PHASE_STRIP = NO;
				DEBUG_INFORMATION_FORMAT = dwarf;
				ENABLE_STRICT_OBJC_MSGSEND = YES;
				ENABLE_TESTABILITY = YES;
				GCC_C_LANGUAGE_STANDARD = gnu11;
				GCC_DYNAMIC_NO_PIC = NO;
				GCC_NO_COMMON_BLOCKS = YES;
				GCC_OPTIMIZATION_LEVEL = 0;
				GCC_PREPROCESSOR_DEFINITIONS = (
					"DEBUG=1",
					"$(inherited)",
				);
				GCC_WARN_64_TO_32_BIT_CONVERSION = YES;
				GCC_WARN_ABOUT_RETURN_TYPE = YES_ERROR;
				GCC_WARN_UNDECLARED_SELECTOR = YES;
				GCC_WARN_UNINITIALIZED_AUTOS = YES_AGGRESSIVE;
				GCC_WARN_UNUSED_FUNCTION = YES;
				GCC_WARN_UNUSED_VARIABLE = YES;
				IPHONEOS_DEPLOYMENT_TARGET = 12.2;
				MTL_ENABLE_DEBUG_INFO = INCLUDE_SOURCE;
				MTL_FAST_MATH = YES;
				ONLY_ACTIVE_ARCH = YES;
				SDKROOT = iphoneos;
				SWIFT_ACTIVE_COMPILATION_CONDITIONS = DEBUG;
				SWIFT_OPTIMIZATION_LEVEL = "-Onone";
			};
			name = Debug;
		};
		F3A22CD7227E21FE0024CD47 /* Release */ = {
			isa = XCBuildConfiguration;
			buildSettings = {
				ALWAYS_SEARCH_USER_PATHS = NO;
				CLANG_ANALYZER_NONNULL = YES;
				CLANG_ANALYZER_NUMBER_OBJECT_CONVERSION = YES_AGGRESSIVE;
				CLANG_CXX_LANGUAGE_STANDARD = "gnu++14";
				CLANG_CXX_LIBRARY = "libc++";
				CLANG_ENABLE_MODULES = YES;
				CLANG_ENABLE_OBJC_ARC = YES;
				CLANG_ENABLE_OBJC_WEAK = YES;
				CLANG_WARN_BLOCK_CAPTURE_AUTORELEASING = YES;
				CLANG_WARN_BOOL_CONVERSION = YES;
				CLANG_WARN_COMMA = YES;
				CLANG_WARN_CONSTANT_CONVERSION = YES;
				CLANG_WARN_DEPRECATED_OBJC_IMPLEMENTATIONS = YES;
				CLANG_WARN_DIRECT_OBJC_ISA_USAGE = YES_ERROR;
				CLANG_WARN_DOCUMENTATION_COMMENTS = YES;
				CLANG_WARN_EMPTY_BODY = YES;
				CLANG_WARN_ENUM_CONVERSION = YES;
				CLANG_WARN_INFINITE_RECURSION = YES;
				CLANG_WARN_INT_CONVERSION = YES;
				CLANG_WARN_NON_LITERAL_NULL_CONVERSION = YES;
				CLANG_WARN_OBJC_IMPLICIT_RETAIN_SELF = YES;
				CLANG_WARN_OBJC_LITERAL_CONVERSION = YES;
				CLANG_WARN_OBJC_ROOT_CLASS = YES_ERROR;
				CLANG_WARN_RANGE_LOOP_ANALYSIS = YES;
				CLANG_WARN_STRICT_PROTOTYPES = YES;
				CLANG_WARN_SUSPICIOUS_MOVE = YES;
				CLANG_WARN_UNGUARDED_AVAILABILITY = YES_AGGRESSIVE;
				CLANG_WARN_UNREACHABLE_CODE = YES;
				CLANG_WARN__DUPLICATE_METHOD_MATCH = YES;
				CODE_SIGN_IDENTITY = "iPhone Developer";
				COPY_PHASE_STRIP = NO;
				DEBUG_INFORMATION_FORMAT = "dwarf-with-dsym";
				ENABLE_NS_ASSERTIONS = NO;
				ENABLE_STRICT_OBJC_MSGSEND = YES;
				GCC_C_LANGUAGE_STANDARD = gnu11;
				GCC_NO_COMMON_BLOCKS = YES;
				GCC_WARN_64_TO_32_BIT_CONVERSION = YES;
				GCC_WARN_ABOUT_RETURN_TYPE = YES_ERROR;
				GCC_WARN_UNDECLARED_SELECTOR = YES;
				GCC_WARN_UNINITIALIZED_AUTOS = YES_AGGRESSIVE;
				GCC_WARN_UNUSED_FUNCTION = YES;
				GCC_WARN_UNUSED_VARIABLE = YES;
				IPHONEOS_DEPLOYMENT_TARGET = 12.2;
				MTL_ENABLE_DEBUG_INFO = NO;
				MTL_FAST_MATH = YES;
				SDKROOT = iphoneos;
				SWIFT_COMPILATION_MODE = wholemodule;
				SWIFT_OPTIMIZATION_LEVEL = "-O";
				VALIDATE_PRODUCT = YES;
			};
			name = Release;
		};
		F3A22CD9227E21FE0024CD47 /* Debug */ = {
			isa = XCBuildConfiguration;
			buildSettings = {
				ASSETCATALOG_COMPILER_APPICON_NAME = AppIcon;
				CODE_SIGN_STYLE = Automatic;
				DEVELOPMENT_TEAM = 7UUW8HHBP2;
				FRAMEWORK_SEARCH_PATHS = (
					"$(PROJECT_DIR)/Carthage/Build/iOS/**",
					"$(PROJECT_DIR)/Carthage/Build/iOS",
				);
				INFOPLIST_FILE = Demo/Info.plist;
				LD_RUNPATH_SEARCH_PATHS = (
					"$(inherited)",
					"@executable_path/Frameworks",
				);
				PRODUCT_BUNDLE_IDENTIFIER = com.probuildsoftware.Demo;
				PRODUCT_NAME = "$(TARGET_NAME)";
				SWIFT_VERSION = 5.0;
				TARGETED_DEVICE_FAMILY = "1,2";
			};
			name = Debug;
		};
		F3A22CDA227E21FE0024CD47 /* Release */ = {
			isa = XCBuildConfiguration;
			buildSettings = {
				ASSETCATALOG_COMPILER_APPICON_NAME = AppIcon;
				CODE_SIGN_STYLE = Automatic;
				DEVELOPMENT_TEAM = 7UUW8HHBP2;
				FRAMEWORK_SEARCH_PATHS = (
					"$(PROJECT_DIR)/Carthage/Build/iOS/**",
					"$(PROJECT_DIR)/Carthage/Build/iOS",
				);
				INFOPLIST_FILE = Demo/Info.plist;
				LD_RUNPATH_SEARCH_PATHS = (
					"$(inherited)",
					"@executable_path/Frameworks",
				);
				PRODUCT_BUNDLE_IDENTIFIER = com.probuildsoftware.Demo;
				PRODUCT_NAME = "$(TARGET_NAME)";
				SWIFT_VERSION = 5.0;
				TARGETED_DEVICE_FAMILY = "1,2";
			};
			name = Release;
		};
/* End XCBuildConfiguration section */

/* Begin XCConfigurationList section */
		F3A22CC1227E21FD0024CD47 /* Build configuration list for PBXProject "Demo" */ = {
			isa = XCConfigurationList;
			buildConfigurations = (
				F3A22CD6227E21FE0024CD47 /* Debug */,
				F3A22CD7227E21FE0024CD47 /* Release */,
			);
			defaultConfigurationIsVisible = 0;
			defaultConfigurationName = Release;
		};
		F3A22CD8227E21FE0024CD47 /* Build configuration list for PBXNativeTarget "Demo" */ = {
			isa = XCConfigurationList;
			buildConfigurations = (
				F3A22CD9227E21FE0024CD47 /* Debug */,
				F3A22CDA227E21FE0024CD47 /* Release */,
			);
			defaultConfigurationIsVisible = 0;
			defaultConfigurationName = Release;
		};
/* End XCConfigurationList section */
	};
	rootObject = F3A22CBE227E21FD0024CD47 /* Project object */;
}
